
Microsoft Visual Studio Solution File, Format Version 12.00
# Visual Studio Version 16
VisualStudioVersion = 16.0.30611.23
MinimumVisualStudioVersion = 10.0.40219.1
Project("{FAE04EC0-301F-11D3-BF4B-00C04F79EFBC}") = "My.DbMapper", "My.DbMapper\My.DbMapper.csproj", "{6130D303-5B85-4E15-8E9D-BFD9C05958A9}"
EndProject
Project("{FAE04EC0-301F-11D3-BF4B-00C04F79EFBC}") = "My.DbMapper.Contracts", "My.DbMapper.Contracts\My.DbMapper.Contracts.csproj", "{85C8D158-1FB3-464B-B3B0-6479854E1003}"
EndProject
Project("{FAE04EC0-301F-11D3-BF4B-00C04F79EFBC}") = "My.DbMapper.UnitTests", "My.DbMapper.UnitTests\My.DbMapper.UnitTests.csproj", "{201D1DA0-F497-41D6-B999-C2F3D18FD240}"
EndProject
Project("{2150E333-8FDC-42A3-9474-1A3956D46DE8}") = "DbMapper", "DbMapper", "{9C7E78D9-DE22-4CB2-B9C8-8015E97265D1}"
EndProject
Project("{2150E333-8FDC-42A3-9474-1A3956D46DE8}") = "Cache", "Cache", "{4F7F288F-68A7-4C00-8BB8-6585CC162D44}"
EndProject
Project("{FAE04EC0-301F-11D3-BF4B-00C04F79EFBC}") = "My.Cache", "My.Cache\My.Cache.csproj", "{BD764CE7-AE69-4984-94B1-EA56E5D12AB3}"
EndProject
Project("{FAE04EC0-301F-11D3-BF4B-00C04F79EFBC}") = "My.Cache.Contracts", "My.Cache.Contracts\My.Cache.Contracts.csproj", "{3D8287F4-70DD-4422-B08F-14978CE30743}"
EndProject
Project("{FAE04EC0-301F-11D3-BF4B-00C04F79EFBC}") = "My.Cache.UnitTests", "My.Cache.UnitTests\My.Cache.UnitTests.csproj", "{B06CD4AA-FF89-4835-B475-A7839CF152DE}"
EndProject
Project("{2150E333-8FDC-42A3-9474-1A3956D46DE8}") = "Logger", "Logger", "{A45F0241-716F-4670-946A-FAF4394EED48}"
EndProject
Project("{FAE04EC0-301F-11D3-BF4B-00C04F79EFBC}") = "My.Logger", "My.Logger\My.Logger.csproj", "{548782A9-82D5-410D-9463-2A7E53E220DB}"
EndProject
Project("{FAE04EC0-301F-11D3-BF4B-00C04F79EFBC}") = "My.Logger.Contracts", "My.Logger.Contracts\My.Logger.Contracts.csproj", "{3F9EAB8F-ABF7-4401-890F-681EBAF02964}"
EndProject
Project("{FAE04EC0-301F-11D3-BF4B-00C04F79EFBC}") = "My.Logger.UnitTests", "My.Logger.UnitTests\My.Logger.UnitTests.csproj", "{00F526E8-B5DD-4559-B3F1-FFAFFB68CD2B}"
EndProject
Global
	GlobalSection(SolutionConfigurationPlatforms) = preSolution
		Debug|Any CPU = Debug|Any CPU
		Release|Any CPU = Release|Any CPU
	EndGlobalSection
	GlobalSection(ProjectConfigurationPlatforms) = postSolution
		{6130D303-5B85-4E15-8E9D-BFD9C05958A9}.Debug|Any CPU.ActiveCfg = Debug|Any CPU
		{6130D303-5B85-4E15-8E9D-BFD9C05958A9}.Debug|Any CPU.Build.0 = Debug|Any CPU
		{6130D303-5B85-4E15-8E9D-BFD9C05958A9}.Release|Any CPU.ActiveCfg = Release|Any CPU
		{6130D303-5B85-4E15-8E9D-BFD9C05958A9}.Release|Any CPU.Build.0 = Release|Any CPU
		{85C8D158-1FB3-464B-B3B0-6479854E1003}.Debug|Any CPU.ActiveCfg = Debug|Any CPU
		{85C8D158-1FB3-464B-B3B0-6479854E1003}.Debug|Any CPU.Build.0 = Debug|Any CPU
		{85C8D158-1FB3-464B-B3B0-6479854E1003}.Release|Any CPU.ActiveCfg = Release|Any CPU
		{85C8D158-1FB3-464B-B3B0-6479854E1003}.Release|Any CPU.Build.0 = Release|Any CPU
		{201D1DA0-F497-41D6-B999-C2F3D18FD240}.Debug|Any CPU.ActiveCfg = Debug|Any CPU
		{201D1DA0-F497-41D6-B999-C2F3D18FD240}.Debug|Any CPU.Build.0 = Debug|Any CPU
		{201D1DA0-F497-41D6-B999-C2F3D18FD240}.Release|Any CPU.ActiveCfg = Release|Any CPU
		{201D1DA0-F497-41D6-B999-C2F3D18FD240}.Release|Any CPU.Build.0 = Release|Any CPU
		{BD764CE7-AE69-4984-94B1-EA56E5D12AB3}.Debug|Any CPU.ActiveCfg = Debug|Any CPU
		{BD764CE7-AE69-4984-94B1-EA56E5D12AB3}.Debug|Any CPU.Build.0 = Debug|Any CPU
		{BD764CE7-AE69-4984-94B1-EA56E5D12AB3}.Release|Any CPU.ActiveCfg = Release|Any CPU
		{BD764CE7-AE69-4984-94B1-EA56E5D12AB3}.Release|Any CPU.Build.0 = Release|Any CPU
		{3D8287F4-70DD-4422-B08F-14978CE30743}.Debug|Any CPU.ActiveCfg = Debug|Any CPU
		{3D8287F4-70DD-4422-B08F-14978CE30743}.Debug|Any CPU.Build.0 = Debug|Any CPU
		{3D8287F4-70DD-4422-B08F-14978CE30743}.Release|Any CPU.ActiveCfg = Release|Any CPU
		{3D8287F4-70DD-4422-B08F-14978CE30743}.Release|Any CPU.Build.0 = Release|Any CPU
		{B06CD4AA-FF89-4835-B475-A7839CF152DE}.Debug|Any CPU.ActiveCfg = Debug|Any CPU
		{B06CD4AA-FF89-4835-B475-A7839CF152DE}.Debug|Any CPU.Build.0 = Debug|Any CPU
		{B06CD4AA-FF89-4835-B475-A7839CF152DE}.Release|Any CPU.ActiveCfg = Release|Any CPU
		{B06CD4AA-FF89-4835-B475-A7839CF152DE}.Release|Any CPU.Build.0 = Release|Any CPU
		{548782A9-82D5-410D-9463-2A7E53E220DB}.Debug|Any CPU.ActiveCfg = Debug|Any CPU
		{548782A9-82D5-410D-9463-2A7E53E220DB}.Debug|Any CPU.Build.0 = Debug|Any CPU
		{548782A9-82D5-410D-9463-2A7E53E220DB}.Release|Any CPU.ActiveCfg = Release|Any CPU
		{548782A9-82D5-410D-9463-2A7E53E220DB}.Release|Any CPU.Build.0 = Release|Any CPU
		{3F9EAB8F-ABF7-4401-890F-681EBAF02964}.Debug|Any CPU.ActiveCfg = Debug|Any CPU
		{3F9EAB8F-ABF7-4401-890F-681EBAF02964}.Debug|Any CPU.Build.0 = Debug|Any CPU
		{3F9EAB8F-ABF7-4401-890F-681EBAF02964}.Release|Any CPU.ActiveCfg = Release|Any CPU
		{3F9EAB8F-ABF7-4401-890F-681EBAF02964}.Release|Any CPU.Build.0 = Release|Any CPU
		{00F526E8-B5DD-4559-B3F1-FFAFFB68CD2B}.Debug|Any CPU.ActiveCfg = Debug|Any CPU
		{00F526E8-B5DD-4559-B3F1-FFAFFB68CD2B}.Debug|Any CPU.Build.0 = Debug|Any CPU
		{00F526E8-B5DD-4559-B3F1-FFAFFB68CD2B}.Release|Any CPU.ActiveCfg = Release|Any CPU
		{00F526E8-B5DD-4559-B3F1-FFAFFB68CD2B}.Release|Any CPU.Build.0 = Release|Any CPU
	EndGlobalSection
	GlobalSection(SolutionProperties) = preSolution
		HideSolutionNode = FALSE
	EndGlobalSection
	GlobalSection(NestedProjects) = preSolution
		{6130D303-5B85-4E15-8E9D-BFD9C05958A9} = {9C7E78D9-DE22-4CB2-B9C8-8015E97265D1}
		{85C8D158-1FB3-464B-B3B0-6479854E1003} = {9C7E78D9-DE22-4CB2-B9C8-8015E97265D1}
		{201D1DA0-F497-41D6-B999-C2F3D18FD240} = {9C7E78D9-DE22-4CB2-B9C8-8015E97265D1}
		{BD764CE7-AE69-4984-94B1-EA56E5D12AB3} = {4F7F288F-68A7-4C00-8BB8-6585CC162D44}
		{3D8287F4-70DD-4422-B08F-14978CE30743} = {4F7F288F-68A7-4C00-8BB8-6585CC162D44}
		{B06CD4AA-FF89-4835-B475-A7839CF152DE} = {4F7F288F-68A7-4C00-8BB8-6585CC162D44}
		{548782A9-82D5-410D-9463-2A7E53E220DB} = {A45F0241-716F-4670-946A-FAF4394EED48}
		{3F9EAB8F-ABF7-4401-890F-681EBAF02964} = {A45F0241-716F-4670-946A-FAF4394EED48}
		{00F526E8-B5DD-4559-B3F1-FFAFFB68CD2B} = {A45F0241-716F-4670-946A-FAF4394EED48}
	EndGlobalSection
	GlobalSection(ExtensibilityGlobals) = postSolution
		SolutionGuid = {02A5CA4B-BCDE-47C5-B6E7-5CA91CA560AA}
	EndGlobalSection
EndGlobal
